<?xml version="1.0" encoding="UTF-8"?>
<Scheme LastUpgradeVersion = "9999" version = "1.3">
  <BuildAction parallelizeBuildables = "YES" buildImplicitDependencies = "YES">
    <BuildActionEntries>
      <BuildActionEntry buildForTesting = "YES" buildForRunning = "YES" buildForProfiling = "YES" buildForArchiving = "YES" buildForAnalyzing = "YES">
        <BuildableReference
          BuildableIdentifier = "primary"
          BuildableName = "'lib$(TARGET_NAME)'"
          BlueprintName = "Core"
          ReferencedContainer = "container:ANTLRSwiftDemo.xcodeproj">
        </BuildableReference>
      </BuildActionEntry>
      <BuildActionEntry buildForTesting = "YES" buildForRunning = "YES" buildForProfiling = "YES" buildForArchiving = "YES" buildForAnalyzing = "YES">
        <BuildableReference
          BuildableIdentifier = "primary"
          BuildableName = "'lib$(TARGET_NAME)'"
          BlueprintName = "libc"
          ReferencedContainer = "container:ANTLRSwiftDemo.xcodeproj">
        </BuildableReference>
      </BuildActionEntry>
      <BuildActionEntry buildForTesting = "YES" buildForRunning = "YES" buildForProfiling = "YES" buildForArchiving = "YES" buildForAnalyzing = "YES">
        <BuildableReference
          BuildableIdentifier = "primary"
          BuildableName = "'lib$(TARGET_NAME)'"
          BlueprintName = "CLibreSSL"
          ReferencedContainer = "container:ANTLRSwiftDemo.xcodeproj">
        </BuildableReference>
      </BuildActionEntry>
      <BuildActionEntry buildForTesting = "YES" buildForRunning = "YES" buildForProfiling = "YES" buildForArchiving = "YES" buildForAnalyzing = "YES">
        <BuildableReference
          BuildableIdentifier = "primary"
          BuildableName = "'lib$(TARGET_NAME)'"
          BlueprintName = "BCrypt"
          ReferencedContainer = "container:ANTLRSwiftDemo.xcodeproj">
        </BuildableReference>
      </BuildActionEntry>
      <BuildActionEntry buildForTesting = "YES" buildForRunning = "YES" buildForProfiling = "YES" buildForArchiving = "YES" buildForAnalyzing = "YES">
        <BuildableReference
          BuildableIdentifier = "primary"
          BuildableName = "'lib$(TARGET_NAME)'"
          BlueprintName = "Cipher"
          ReferencedContainer = "container:ANTLRSwiftDemo.xcodeproj">
        </BuildableReference>
      </BuildActionEntry>
      <BuildActionEntry buildForTesting = "YES" buildForRunning = "YES" buildForProfiling = "YES" buildForArchiving = "YES" buildForAnalyzing = "YES">
        <BuildableReference
          BuildableIdentifier = "primary"
          BuildableName = "'lib$(TARGET_NAME)'"
          BlueprintName = "Essentials"
          ReferencedContainer = "container:ANTLRSwiftDemo.xcodeproj">
        </BuildableReference>
      </BuildActionEntry>
      <BuildActionEntry buildForTesting = "YES" buildForRunning = "YES" buildForProfiling = "YES" buildForArchiving = "YES" buildForAnalyzing = "YES">
        <BuildableReference
          BuildableIdentifier = "primary"
          BuildableName = "'lib$(TARGET_NAME)'"
          BlueprintName = "Hash"
          ReferencedContainer = "container:ANTLRSwiftDemo.xcodeproj">
        </BuildableReference>
      </BuildActionEntry>
      <BuildActionEntry buildForTesting = "YES" buildForRunning = "YES" buildForProfiling = "YES" buildForArchiving = "YES" buildForAnalyzing = "YES">
        <BuildableReference
          BuildableIdentifier = "primary"
          BuildableName = "'lib$(TARGET_NAME)'"
          BlueprintName = "HMAC"
          ReferencedContainer = "container:ANTLRSwiftDemo.xcodeproj">
        </BuildableReference>
      </BuildActionEntry>
      <BuildActionEntry buildForTesting = "YES" buildForRunning = "YES" buildForProfiling = "YES" buildForArchiving = "YES" buildForAnalyzing = "YES">
        <BuildableReference
          BuildableIdentifier = "primary"
          BuildableName = "'lib$(TARGET_NAME)'"
          BlueprintName = "Random"
          ReferencedContainer = "container:ANTLRSwiftDemo.xcodeproj">
        </BuildableReference>
      </BuildActionEntry>
      <BuildActionEntry buildForTesting = "YES" buildForRunning = "YES" buildForProfiling = "YES" buildForArchiving = "YES" buildForAnalyzing = "YES">
        <BuildableReference
          BuildableIdentifier = "primary"
          BuildableName = "'lib$(TARGET_NAME)'"
          BlueprintName = "PathIndexable"
          ReferencedContainer = "container:ANTLRSwiftDemo.xcodeproj">
        </BuildableReference>
      </BuildActionEntry>
      <BuildActionEntry buildForTesting = "YES" buildForRunning = "YES" buildForProfiling = "YES" buildForArchiving = "YES" buildForAnalyzing = "YES">
        <BuildableReference
          BuildableIdentifier = "primary"
          BuildableName = "'lib$(TARGET_NAME)'"
          BlueprintName = "Polymorphic"
          ReferencedContainer = "container:ANTLRSwiftDemo.xcodeproj">
        </BuildableReference>
      </BuildActionEntry>
      <BuildActionEntry buildForTesting = "YES" buildForRunning = "YES" buildForProfiling = "YES" buildForArchiving = "YES" buildForAnalyzing = "YES">
        <BuildableReference
          BuildableIdentifier = "primary"
          BuildableName = "'lib$(TARGET_NAME)'"
          BlueprintName = "Node"
          ReferencedContainer = "container:ANTLRSwiftDemo.xcodeproj">
        </BuildableReference>
      </BuildActionEntry>
      <BuildActionEntry buildForTesting = "YES" buildForRunning = "YES" buildForProfiling = "YES" buildForArchiving = "YES" buildForAnalyzing = "YES">
        <BuildableReference
          BuildableIdentifier = "primary"
          BuildableName = "'lib$(TARGET_NAME)'"
          BlueprintName = "Fluent"
          ReferencedContainer = "container:ANTLRSwiftDemo.xcodeproj">
        </BuildableReference>
      </BuildActionEntry>
      <BuildActionEntry buildForTesting = "YES" buildForRunning = "YES" buildForProfiling = "YES" buildForArchiving = "YES" buildForAnalyzing = "YES">
        <BuildableReference
          BuildableIdentifier = "primary"
          BuildableName = "'lib$(TARGET_NAME)'"
          BlueprintName = "FluentTester"
          ReferencedContainer = "container:ANTLRSwiftDemo.xcodeproj">
        </BuildableReference>
      </BuildActionEntry>
      <BuildActionEntry buildForTesting = "YES" buildForRunning = "YES" buildForProfiling = "YES" buildForArchiving = "YES" buildForAnalyzing = "YES">
        <BuildableReference
          BuildableIdentifier = "primary"
          BuildableName = "'lib$(TARGET_NAME)'"
          BlueprintName = "Socks"
          ReferencedContainer = "container:ANTLRSwiftDemo.xcodeproj">
        </BuildableReference>
      </BuildActionEntry>
      <BuildActionEntry buildForTesting = "YES" buildForRunning = "YES" buildForProfiling = "YES" buildForArchiving = "YES" buildForAnalyzing = "YES">
        <BuildableReference
          BuildableIdentifier = "primary"
          BuildableName = "'lib$(TARGET_NAME)'"
          BlueprintName = "SocksCore"
          ReferencedContainer = "container:ANTLRSwiftDemo.xcodeproj">
        </BuildableReference>
      </BuildActionEntry>
      <BuildActionEntry buildForTesting = "YES" buildForRunning = "YES" buildForProfiling = "YES" buildForArchiving = "YES" buildForAnalyzing = "YES">
        <BuildableReference
          BuildableIdentifier = "primary"
          BuildableName = "'lib$(TARGET_NAME)'"
          BlueprintName = "TLS"
          ReferencedContainer = "container:ANTLRSwiftDemo.xcodeproj">
        </BuildableReference>
      </BuildActionEntry>
      <BuildActionEntry buildForTesting = "YES" buildForRunning = "YES" buildForProfiling = "YES" buildForArchiving = "YES" buildForAnalyzing = "YES">
        <BuildableReference
          BuildableIdentifier = "primary"
          BuildableName = "'lib$(TARGET_NAME)'"
          BlueprintName = "HTTP"
          ReferencedContainer = "container:ANTLRSwiftDemo.xcodeproj">
        </BuildableReference>
      </BuildActionEntry>
      <BuildActionEntry buildForTesting = "YES" buildForRunning = "YES" buildForProfiling = "YES" buildForArchiving = "YES" buildForAnalyzing = "YES">
        <BuildableReference
          BuildableIdentifier = "primary"
          BuildableName = "'lib$(TARGET_NAME)'"
          BlueprintName = "SMTP"
          ReferencedContainer = "container:ANTLRSwiftDemo.xcodeproj">
        </BuildableReference>
      </BuildActionEntry>
      <BuildActionEntry buildForTesting = "YES" buildForRunning = "YES" buildForProfiling = "YES" buildForArchiving = "YES" buildForAnalyzing = "YES">
        <BuildableReference
          BuildableIdentifier = "primary"
          BuildableName = "'lib$(TARGET_NAME)'"
          BlueprintName = "Transport"
          ReferencedContainer = "container:ANTLRSwiftDemo.xcodeproj">
        </BuildableReference>
      </BuildActionEntry>
      <BuildActionEntry buildForTesting = "YES" buildForRunning = "YES" buildForProfiling = "YES" buildForArchiving = "YES" buildForAnalyzing = "YES">
        <BuildableReference
          BuildableIdentifier = "primary"
          BuildableName = "'lib$(TARGET_NAME)'"
          BlueprintName = "URI"
          ReferencedContainer = "container:ANTLRSwiftDemo.xcodeproj">
        </BuildableReference>
      </BuildActionEntry>
      <BuildActionEntry buildForTesting = "YES" buildForRunning = "YES" buildForProfiling = "YES" buildForArchiving = "YES" buildForAnalyzing = "YES">
        <BuildableReference
          BuildableIdentifier = "primary"
          BuildableName = "'lib$(TARGET_NAME)'"
          BlueprintName = "WebSockets"
          ReferencedContainer = "container:ANTLRSwiftDemo.xcodeproj">
        </BuildableReference>
      </BuildActionEntry>
      <BuildActionEntry buildForTesting = "YES" buildForRunning = "YES" buildForProfiling = "YES" buildForArchiving = "YES" buildForAnalyzing = "YES">
        <BuildableReference
          BuildableIdentifier = "primary"
          BuildableName = "'lib$(TARGET_NAME)'"
          BlueprintName = "Console"
          ReferencedContainer = "container:ANTLRSwiftDemo.xcodeproj">
        </BuildableReference>
      </BuildActionEntry>
      <BuildActionEntry buildForTesting = "YES" buildForRunning = "YES" buildForProfiling = "YES" buildForArchiving = "YES" buildForAnalyzing = "YES">
        <BuildableReference
          BuildableIdentifier = "primary"
          BuildableName = "'lib$(TARGET_NAME)'"
          BlueprintName = "Jay"
          ReferencedContainer = "container:ANTLRSwiftDemo.xcodeproj">
        </BuildableReference>
      </BuildActionEntry>
      <BuildActionEntry buildForTesting = "YES" buildForRunning = "YES" buildForProfiling = "YES" buildForArchiving = "YES" buildForAnalyzing = "YES">
        <BuildableReference
          BuildableIdentifier = "primary"
          BuildableName = "'lib$(TARGET_NAME)'"
          BlueprintName = "JSON"
          ReferencedContainer = "container:ANTLRSwiftDemo.xcodeproj">
        </BuildableReference>
      </BuildActionEntry>
      <BuildActionEntry buildForTesting = "YES" buildForRunning = "YES" buildForProfiling = "YES" buildForArchiving = "YES" buildForAnalyzing = "YES">
        <BuildableReference
          BuildableIdentifier = "primary"
          BuildableName = "'lib$(TARGET_NAME)'"
          BlueprintName = "Turnstile"
          ReferencedContainer = "container:ANTLRSwiftDemo.xcodeproj">
        </BuildableReference>
      </BuildActionEntry>
      <BuildActionEntry buildForTesting = "YES" buildForRunning = "YES" buildForProfiling = "YES" buildForArchiving = "YES" buildForAnalyzing = "YES">
        <BuildableReference
          BuildableIdentifier = "primary"
          BuildableName = "'lib$(TARGET_NAME)'"
          BlueprintName = "TurnstileCrypto"
          ReferencedContainer = "container:ANTLRSwiftDemo.xcodeproj">
        </BuildableReference>
      </BuildActionEntry>
      <BuildActionEntry buildForTesting = "YES" buildForRunning = "YES" buildForProfiling = "YES" buildForArchiving = "YES" buildForAnalyzing = "YES">
        <BuildableReference
          BuildableIdentifier = "primary"
          BuildableName = "'lib$(TARGET_NAME)'"
          BlueprintName = "TurnstileWeb"
          ReferencedContainer = "container:ANTLRSwiftDemo.xcodeproj">
        </BuildableReference>
      </BuildActionEntry>
      <BuildActionEntry buildForTesting = "YES" buildForRunning = "YES" buildForProfiling = "YES" buildForArchiving = "YES" buildForAnalyzing = "YES">
        <BuildableReference
          BuildableIdentifier = "primary"
          BuildableName = "'lib$(TARGET_NAME)'"
          BlueprintName = "Leaf"
          ReferencedContainer = "container:ANTLRSwiftDemo.xcodeproj">
        </BuildableReference>
      </BuildActionEntry>
      <BuildActionEntry buildForTesting = "YES" buildForRunning = "YES" buildForProfiling = "YES" buildForArchiving = "YES" buildForAnalyzing = "YES">
        <BuildableReference
          BuildableIdentifier = "primary"
          BuildableName = "'lib$(TARGET_NAME)'"
          BlueprintName = "HTTPRouting"
          ReferencedContainer = "container:ANTLRSwiftDemo.xcodeproj">
        </BuildableReference>
      </BuildActionEntry>
      <BuildActionEntry buildForTesting = "YES" buildForRunning = "YES" buildForProfiling = "YES" buildForArchiving = "YES" buildForAnalyzing = "YES">
        <BuildableReference
          BuildableIdentifier = "primary"
          BuildableName = "'lib$(TARGET_NAME)'"
          BlueprintName = "Routing"
          ReferencedContainer = "container:ANTLRSwiftDemo.xcodeproj">
        </BuildableReference>
      </BuildActionEntry>
      <BuildActionEntry buildForTesting = "YES" buildForRunning = "YES" buildForProfiling = "YES" buildForArchiving = "YES" buildForAnalyzing = "YES">
        <BuildableReference
          BuildableIdentifier = "primary"
          BuildableName = "'lib$(TARGET_NAME)'"
          BlueprintName = "TypeSafeRouting"
          ReferencedContainer = "container:ANTLRSwiftDemo.xcodeproj">
        </BuildableReference>
      </BuildActionEntry>
      <BuildActionEntry buildForTesting = "YES" buildForRunning = "YES" buildForProfiling = "YES" buildForArchiving = "YES" buildForAnalyzing = "YES">
        <BuildableReference
          BuildableIdentifier = "primary"
          BuildableName = "'lib$(TARGET_NAME)'"
          BlueprintName = "Auth"
          ReferencedContainer = "container:ANTLRSwiftDemo.xcodeproj">
        </BuildableReference>
      </BuildActionEntry>
      <BuildActionEntry buildForTesting = "YES" buildForRunning = "YES" buildForProfiling = "YES" buildForArchiving = "YES" buildForAnalyzing = "YES">
        <BuildableReference
          BuildableIdentifier = "primary"
          BuildableName = "'lib$(TARGET_NAME)'"
          BlueprintName = "Cache"
          ReferencedContainer = "container:ANTLRSwiftDemo.xcodeproj">
        </BuildableReference>
      </BuildActionEntry>
      <BuildActionEntry buildForTesting = "YES" buildForRunning = "YES" buildForProfiling = "YES" buildForArchiving = "YES" buildForAnalyzing = "YES">
        <BuildableReference
          BuildableIdentifier = "primary"
          BuildableName = "'lib$(TARGET_NAME)'"
          BlueprintName = "Cookies"
          ReferencedContainer = "container:ANTLRSwiftDemo.xcodeproj">
        </BuildableReference>
      </BuildActionEntry>
      <BuildActionEntry buildForTesting = "YES" buildForRunning = "YES" buildForProfiling = "YES" buildForArchiving = "YES" buildForAnalyzing = "YES">
        <BuildableReference
          BuildableIdentifier = "primary"
          BuildableName = "'lib$(TARGET_NAME)'"
          BlueprintName = "Sessions"
          ReferencedContainer = "container:ANTLRSwiftDemo.xcodeproj">
        </BuildableReference>
      </BuildActionEntry>
      <BuildActionEntry buildForTesting = "YES" buildForRunning = "YES" buildForProfiling = "YES" buildForArchiving = "YES" buildForAnalyzing = "YES">
        <BuildableReference
          BuildableIdentifier = "primary"
          BuildableName = "'lib$(TARGET_NAME)'"
          BlueprintName = "Settings"
          ReferencedContainer = "container:ANTLRSwiftDemo.xcodeproj">
        </BuildableReference>
      </BuildActionEntry>
      <BuildActionEntry buildForTesting = "YES" buildForRunning = "YES" buildForProfiling = "YES" buildForArchiving = "YES" buildForAnalyzing = "YES">
        <BuildableReference
          BuildableIdentifier = "primary"
          BuildableName = "'lib$(TARGET_NAME)'"
          BlueprintName = "Vapor"
          ReferencedContainer = "container:ANTLRSwiftDemo.xcodeproj">
        </BuildableReference>
      </BuildActionEntry>
      <BuildActionEntry buildForTesting = "YES" buildForRunning = "YES" buildForProfiling = "YES" buildForArchiving = "YES" buildForAnalyzing = "YES">
        <BuildableReference
          BuildableIdentifier = "primary"
          BuildableName = "'$(TARGET_NAME)'"
          BlueprintName = "App"
          ReferencedContainer = "container:ANTLRSwiftDemo.xcodeproj">
        </BuildableReference>
      </BuildActionEntry>
    </BuildActionEntries>
  </BuildAction>
  <TestAction
    buildConfiguration = "Debug"
    selectedDebuggerIdentifier = "Xcode.DebuggerFoundation.Debugger.LLDB"
    selectedLauncherIdentifier = "Xcode.DebuggerFoundation.Launcher.LLDB"
    shouldUseLaunchSchemeArgsEnv = "YES"
    codeCoverageEnabled = "NO">
    <Testables>
    </Testables>
  </TestAction>
</Scheme>
